
Microsoft Visual Studio Solution File, Format Version 12.00
# Visual Studio Version 17
VisualStudioVersion = 17.4.33110.190
MinimumVisualStudioVersion = 10.0.40219.1
Project("{FAE04EC0-301F-11D3-BF4B-00C04F79EFBC}") = "day13", "day13\day13.csproj", "{3DCF6585-3B00-48B3-B6EC-24C06B3A9A30}"
EndProject
Global
	GlobalSection(SolutionConfigurationPlatforms) = preSolution
		Debug|Any CPU = Debug|Any CPU
		Release|Any CPU = Release|Any CPU
	EndGlobalSection
	GlobalSection(ProjectConfigurationPlatforms) = postSolution
		{3DCF6585-3B00-48B3-B6EC-24C06B3A9A30}.Debug|Any CPU.ActiveCfg = Debug|Any CPU
		{3DCF6585-3B00-48B3-B6EC-24C06B3A9A30}.Debug|Any CPU.Build.0 = Debug|Any CPU
		{3DCF6585-3B00-48B3-B6EC-24C06B3A9A30}.Release|Any CPU.ActiveCfg = Release|Any CPU
		{3DCF6585-3B00-48B3-B6EC-24C06B3A9A30}.Release|Any CPU.Build.0 = Release|Any CPU
	EndGlobalSection
	GlobalSection(SolutionProperties) = preSolution
		HideSolutionNode = FALSE
	EndGlobalSection
	GlobalSection(ExtensibilityGlobals) = postSolution
		SolutionGuid = {E082201A-62F3-4C0E-86B1-35F50AC4EEE3}
	EndGlobalSection
EndGlobal
