
Microsoft Visual Studio Solution File, Format Version 12.00
# Visual Studio Version 17
VisualStudioVersion = 17.2.32505.173
MinimumVisualStudioVersion = 10.0.40219.1
Project("{FAE04EC0-301F-11D3-BF4B-00C04F79EFBC}") = "day7", "day7\day7.csproj", "{C4255CB8-6A8F-4FBD-BB4E-8EEC7373BDF3}"
EndProject
Global
	GlobalSection(SolutionConfigurationPlatforms) = preSolution
		Debug|Any CPU = Debug|Any CPU
		Release|Any CPU = Release|Any CPU
	EndGlobalSection
	GlobalSection(ProjectConfigurationPlatforms) = postSolution
		{C4255CB8-6A8F-4FBD-BB4E-8EEC7373BDF3}.Debug|Any CPU.ActiveCfg = Debug|Any CPU
		{C4255CB8-6A8F-4FBD-BB4E-8EEC7373BDF3}.Debug|Any CPU.Build.0 = Debug|Any CPU
		{C4255CB8-6A8F-4FBD-BB4E-8EEC7373BDF3}.Release|Any CPU.ActiveCfg = Release|Any CPU
		{C4255CB8-6A8F-4FBD-BB4E-8EEC7373BDF3}.Release|Any CPU.Build.0 = Release|Any CPU
	EndGlobalSection
	GlobalSection(SolutionProperties) = preSolution
		HideSolutionNode = FALSE
	EndGlobalSection
	GlobalSection(ExtensibilityGlobals) = postSolution
		SolutionGuid = {A4908D39-DCF3-497A-AC06-0C95F9FC1E41}
	EndGlobalSection
EndGlobal
