
Microsoft Visual Studio Solution File, Format Version 12.00
# Visual Studio Version 17
VisualStudioVersion = 17.2.32505.173
MinimumVisualStudioVersion = 10.0.40219.1
Project("{FAE04EC0-301F-11D3-BF4B-00C04F79EFBC}") = "day15", "day15\day15.csproj", "{5F139080-8693-41AE-82F4-DF566683D784}"
EndProject
Global
	GlobalSection(SolutionConfigurationPlatforms) = preSolution
		Debug|Any CPU = Debug|Any CPU
		Release|Any CPU = Release|Any CPU
	EndGlobalSection
	GlobalSection(ProjectConfigurationPlatforms) = postSolution
		{5F139080-8693-41AE-82F4-DF566683D784}.Debug|Any CPU.ActiveCfg = Debug|Any CPU
		{5F139080-8693-41AE-82F4-DF566683D784}.Debug|Any CPU.Build.0 = Debug|Any CPU
		{5F139080-8693-41AE-82F4-DF566683D784}.Release|Any CPU.ActiveCfg = Release|Any CPU
		{5F139080-8693-41AE-82F4-DF566683D784}.Release|Any CPU.Build.0 = Release|Any CPU
	EndGlobalSection
	GlobalSection(SolutionProperties) = preSolution
		HideSolutionNode = FALSE
	EndGlobalSection
	GlobalSection(ExtensibilityGlobals) = postSolution
		SolutionGuid = {9408C5D7-BB06-4CE4-AC4F-4379CB363C8E}
	EndGlobalSection
EndGlobal
