
Microsoft Visual Studio Solution File, Format Version 12.00
# Visual Studio Version 17
VisualStudioVersion = 17.2.32505.173
MinimumVisualStudioVersion = 10.0.40219.1
Project("{FAE04EC0-301F-11D3-BF4B-00C04F79EFBC}") = "day2", "day2\day2.csproj", "{13CE96F5-421C-4A98-B7CD-4A7CE8C16FDC}"
EndProject
Global
	GlobalSection(SolutionConfigurationPlatforms) = preSolution
		Debug|Any CPU = Debug|Any CPU
		Release|Any CPU = Release|Any CPU
	EndGlobalSection
	GlobalSection(ProjectConfigurationPlatforms) = postSolution
		{13CE96F5-421C-4A98-B7CD-4A7CE8C16FDC}.Debug|Any CPU.ActiveCfg = Debug|Any CPU
		{13CE96F5-421C-4A98-B7CD-4A7CE8C16FDC}.Debug|Any CPU.Build.0 = Debug|Any CPU
		{13CE96F5-421C-4A98-B7CD-4A7CE8C16FDC}.Release|Any CPU.ActiveCfg = Release|Any CPU
		{13CE96F5-421C-4A98-B7CD-4A7CE8C16FDC}.Release|Any CPU.Build.0 = Release|Any CPU
	EndGlobalSection
	GlobalSection(SolutionProperties) = preSolution
		HideSolutionNode = FALSE
	EndGlobalSection
	GlobalSection(ExtensibilityGlobals) = postSolution
		SolutionGuid = {1E6218DC-B21C-41BE-9B87-F6C3447C2461}
	EndGlobalSection
EndGlobal
