
Microsoft Visual Studio Solution File, Format Version 12.00
# Visual Studio Version 17
VisualStudioVersion = 17.4.33110.190
MinimumVisualStudioVersion = 10.0.40219.1
Project("{FAE04EC0-301F-11D3-BF4B-00C04F79EFBC}") = "day16", "day16\day16.csproj", "{9852DF2D-683C-416B-A6DB-15AD4C744483}"
EndProject
Global
	GlobalSection(SolutionConfigurationPlatforms) = preSolution
		Debug|Any CPU = Debug|Any CPU
		Release|Any CPU = Release|Any CPU
	EndGlobalSection
	GlobalSection(ProjectConfigurationPlatforms) = postSolution
		{9852DF2D-683C-416B-A6DB-15AD4C744483}.Debug|Any CPU.ActiveCfg = Debug|Any CPU
		{9852DF2D-683C-416B-A6DB-15AD4C744483}.Debug|Any CPU.Build.0 = Debug|Any CPU
		{9852DF2D-683C-416B-A6DB-15AD4C744483}.Release|Any CPU.ActiveCfg = Release|Any CPU
		{9852DF2D-683C-416B-A6DB-15AD4C744483}.Release|Any CPU.Build.0 = Release|Any CPU
	EndGlobalSection
	GlobalSection(SolutionProperties) = preSolution
		HideSolutionNode = FALSE
	EndGlobalSection
	GlobalSection(ExtensibilityGlobals) = postSolution
		SolutionGuid = {FC240C53-8F43-480B-A8B6-AC8CCD4B8880}
	EndGlobalSection
EndGlobal
